{
  "version": 4,
  "terraform_version": "1.9.8",
  "serial": 576,
  "lineage": "4d07f841-f69e-5d9a-36be-4d5a02654af7",
  "outputs": {
    "vm_public_ips": {
      "value": [
        "172.177.146.189",
        "172.177.144.178",
        "172.177.146.205",
        "172.177.146.207"
      ],
      "type": [
        "tuple",
        [
          "string",
          "string",
          "string",
          "string"
        ]
      ]
    }
  },
  "resources": [
    {
      "mode": "managed",
      "type": "azurerm_linux_virtual_machine",
      "name": "vm",
      "provider": "provider[\"registry.terraform.io/hashicorp/azurerm\"]",
      "instances": [
        {
          "index_key": 0,
          "schema_version": 0,
          "attributes": {
            "additional_capabilities": [],
            "admin_password": null,
            "admin_ssh_key": [
              {
                "public_key": "ssh-ed25519 AAAAC3NzaC1lZDI1NTE5AAAAIJkX2gNzGce06+sQwzLDxQvGW/NE1vnE/f/HlLx+mgbY jlchoike+wsl@gmail.com\n",
                "username": "azureuser"
              }
            ],
            "admin_username": "azureuser",
            "allow_extension_operations": true,
            "availability_set_id": "",
            "boot_diagnostics": [],
            "bypass_platform_safety_checks_on_user_schedule_enabled": false,
            "capacity_reservation_group_id": "",
            "computer_name": "arm64-sandbox-vm-1",
            "custom_data": null,
            "dedicated_host_group_id": "",
            "dedicated_host_id": "",
            "disable_password_authentication": true,
            "disk_controller_type": "SCSI",
            "edge_zone": "",
            "encryption_at_host_enabled": false,
            "eviction_policy": "",
            "extensions_time_budget": "PT1H30M",
            "gallery_application": [],
            "id": "/subscriptions/5c574ec3-4c4d-41b5-8683-7754df3ae3da/resourceGroups/arm64-sandbox-rg/providers/Microsoft.Compute/virtualMachines/arm64-sandbox-vm-1",
            "identity": [],
            "license_type": "",
            "location": "eastus2",
            "max_bid_price": -1,
            "name": "arm64-sandbox-vm-1",
            "network_interface_ids": [
              "/subscriptions/5c574ec3-4c4d-41b5-8683-7754df3ae3da/resourceGroups/arm64-sandbox-rg/providers/Microsoft.Network/networkInterfaces/arm64-sandbox-nic-1"
            ],
            "os_disk": [
              {
                "caching": "ReadWrite",
                "diff_disk_settings": [],
                "disk_encryption_set_id": "",
                "disk_size_gb": 30,
                "name": "arm64-sandbox-vm-1_OsDisk_1_387c5e09b0b14b66809fc402f448bf9c",
                "secure_vm_disk_encryption_set_id": "",
                "security_encryption_type": "",
                "storage_account_type": "Standard_LRS",
                "write_accelerator_enabled": false
              }
            ],
            "os_image_notification": [],
            "patch_assessment_mode": "ImageDefault",
            "patch_mode": "ImageDefault",
            "plan": [],
            "platform_fault_domain": -1,
            "priority": "Regular",
            "private_ip_address": "10.0.1.5",
            "private_ip_addresses": [
              "10.0.1.5"
            ],
            "provision_vm_agent": true,
            "proximity_placement_group_id": "",
            "public_ip_address": "172.177.146.189",
            "public_ip_addresses": [
              "172.177.146.189"
            ],
            "reboot_setting": "",
            "resource_group_name": "arm64-sandbox-rg",
            "secret": [],
            "secure_boot_enabled": false,
            "size": "Standard_D2ps_v5",
            "source_image_id": "",
            "source_image_reference": [
              {
                "offer": "0001-com-ubuntu-server-jammy",
                "publisher": "Canonical",
                "sku": "22_04-lts-arm64",
                "version": "latest"
              }
            ],
            "tags": null,
            "termination_notification": null,
            "timeouts": null,
            "user_data": "",
            "virtual_machine_id": "1f85776c-438b-4aa0-9ed1-e9fb941a27a5",
            "virtual_machine_scale_set_id": "",
            "vm_agent_platform_updates_enabled": false,
            "vtpm_enabled": false,
            "zone": ""
          },
          "sensitive_attributes": [
            [
              {
                "type": "get_attr",
                "value": "custom_data"
              }
            ],
            [
              {
                "type": "get_attr",
                "value": "admin_password"
              }
            ]
          ],
          "private": "eyJlMmJmYjczMC1lY2FhLTExZTYtOGY4OC0zNDM2M2JjN2M0YzAiOnsiY3JlYXRlIjoyNzAwMDAwMDAwMDAwLCJkZWxldGUiOjI3MDAwMDAwMDAwMDAsInJlYWQiOjMwMDAwMDAwMDAwMCwidXBkYXRlIjoyNzAwMDAwMDAwMDAwfX0=",
          "dependencies": [
            "azurerm_network_interface.nic",
            "azurerm_public_ip.ip",
            "azurerm_resource_group.rg",
            "azurerm_subnet.subnet",
            "azurerm_virtual_network.vnet"
          ]
        },
        {
          "index_key": 1,
          "schema_version": 0,
          "attributes": {
            "additional_capabilities": [],
            "admin_password": null,
            "admin_ssh_key": [
              {
                "public_key": "ssh-ed25519 AAAAC3NzaC1lZDI1NTE5AAAAIJkX2gNzGce06+sQwzLDxQvGW/NE1vnE/f/HlLx+mgbY jlchoike+wsl@gmail.com\n",
                "username": "azureuser"
              }
            ],
            "admin_username": "azureuser",
            "allow_extension_operations": true,
            "availability_set_id": "",
            "boot_diagnostics": [],
            "bypass_platform_safety_checks_on_user_schedule_enabled": false,
            "capacity_reservation_group_id": "",
            "computer_name": "arm64-sandbox-vm-2",
            "custom_data": null,
            "dedicated_host_group_id": "",
            "dedicated_host_id": "",
            "disable_password_authentication": true,
            "disk_controller_type": "SCSI",
            "edge_zone": "",
            "encryption_at_host_enabled": false,
            "eviction_policy": "",
            "extensions_time_budget": "PT1H30M",
            "gallery_application": [],
            "id": "/subscriptions/5c574ec3-4c4d-41b5-8683-7754df3ae3da/resourceGroups/arm64-sandbox-rg/providers/Microsoft.Compute/virtualMachines/arm64-sandbox-vm-2",
            "identity": [],
            "license_type": "",
            "location": "eastus2",
            "max_bid_price": -1,
            "name": "arm64-sandbox-vm-2",
            "network_interface_ids": [
              "/subscriptions/5c574ec3-4c4d-41b5-8683-7754df3ae3da/resourceGroups/arm64-sandbox-rg/providers/Microsoft.Network/networkInterfaces/arm64-sandbox-nic-2"
            ],
            "os_disk": [
              {
                "caching": "ReadWrite",
                "diff_disk_settings": [],
                "disk_encryption_set_id": "",
                "disk_size_gb": 30,
                "name": "arm64-sandbox-vm-2_OsDisk_1_df7dad991c6c42a19a60dcad58b4783a",
                "secure_vm_disk_encryption_set_id": "",
                "security_encryption_type": "",
                "storage_account_type": "Standard_LRS",
                "write_accelerator_enabled": false
              }
            ],
            "os_image_notification": [],
            "patch_assessment_mode": "ImageDefault",
            "patch_mode": "ImageDefault",
            "plan": [],
            "platform_fault_domain": -1,
            "priority": "Regular",
            "private_ip_address": "10.0.1.4",
            "private_ip_addresses": [
              "10.0.1.4"
            ],
            "provision_vm_agent": true,
            "proximity_placement_group_id": "",
            "public_ip_address": "172.177.144.178",
            "public_ip_addresses": [
              "172.177.144.178"
            ],
            "reboot_setting": "",
            "resource_group_name": "arm64-sandbox-rg",
            "secret": [],
            "secure_boot_enabled": false,
            "size": "Standard_D2ps_v5",
            "source_image_id": "",
            "source_image_reference": [
              {
                "offer": "0001-com-ubuntu-server-jammy",
                "publisher": "Canonical",
                "sku": "22_04-lts-arm64",
                "version": "latest"
              }
            ],
            "tags": null,
            "termination_notification": null,
            "timeouts": null,
            "user_data": "",
            "virtual_machine_id": "88d3fb46-749d-4a79-bba6-76532237906b",
            "virtual_machine_scale_set_id": "",
            "vm_agent_platform_updates_enabled": false,
            "vtpm_enabled": false,
            "zone": ""
          },
          "sensitive_attributes": [
            [
              {
                "type": "get_attr",
                "value": "custom_data"
              }
            ],
            [
              {
                "type": "get_attr",
                "value": "admin_password"
              }
            ]
          ],
          "private": "eyJlMmJmYjczMC1lY2FhLTExZTYtOGY4OC0zNDM2M2JjN2M0YzAiOnsiY3JlYXRlIjoyNzAwMDAwMDAwMDAwLCJkZWxldGUiOjI3MDAwMDAwMDAwMDAsInJlYWQiOjMwMDAwMDAwMDAwMCwidXBkYXRlIjoyNzAwMDAwMDAwMDAwfX0=",
          "dependencies": [
            "azurerm_network_interface.nic",
            "azurerm_public_ip.ip",
            "azurerm_resource_group.rg",
            "azurerm_subnet.subnet",
            "azurerm_virtual_network.vnet"
          ]
        },
        {
          "index_key": 2,
          "schema_version": 0,
          "attributes": {
            "additional_capabilities": [],
            "admin_password": null,
            "admin_ssh_key": [
              {
                "public_key": "ssh-ed25519 AAAAC3NzaC1lZDI1NTE5AAAAIJkX2gNzGce06+sQwzLDxQvGW/NE1vnE/f/HlLx+mgbY jlchoike+wsl@gmail.com\n",
                "username": "azureuser"
              }
            ],
            "admin_username": "azureuser",
            "allow_extension_operations": true,
            "availability_set_id": "",
            "boot_diagnostics": [],
            "bypass_platform_safety_checks_on_user_schedule_enabled": false,
            "capacity_reservation_group_id": "",
            "computer_name": "arm64-sandbox-vm-3",
            "custom_data": null,
            "dedicated_host_group_id": "",
            "dedicated_host_id": "",
            "disable_password_authentication": true,
            "disk_controller_type": "SCSI",
            "edge_zone": "",
            "encryption_at_host_enabled": false,
            "eviction_policy": "",
            "extensions_time_budget": "PT1H30M",
            "gallery_application": [],
            "id": "/subscriptions/5c574ec3-4c4d-41b5-8683-7754df3ae3da/resourceGroups/arm64-sandbox-rg/providers/Microsoft.Compute/virtualMachines/arm64-sandbox-vm-3",
            "identity": [],
            "license_type": "",
            "location": "eastus2",
            "max_bid_price": -1,
            "name": "arm64-sandbox-vm-3",
            "network_interface_ids": [
              "/subscriptions/5c574ec3-4c4d-41b5-8683-7754df3ae3da/resourceGroups/arm64-sandbox-rg/providers/Microsoft.Network/networkInterfaces/arm64-sandbox-nic-3"
            ],
            "os_disk": [
              {
                "caching": "ReadWrite",
                "diff_disk_settings": [],
                "disk_encryption_set_id": "",
                "disk_size_gb": 30,
                "name": "arm64-sandbox-vm-3_OsDisk_1_ee1ffe8641e04ed4a51c6cc8e6184f6a",
                "secure_vm_disk_encryption_set_id": "",
                "security_encryption_type": "",
                "storage_account_type": "Standard_LRS",
                "write_accelerator_enabled": false
              }
            ],
            "os_image_notification": [],
            "patch_assessment_mode": "ImageDefault",
            "patch_mode": "ImageDefault",
            "plan": [],
            "platform_fault_domain": -1,
            "priority": "Regular",
            "private_ip_address": "10.0.1.7",
            "private_ip_addresses": [
              "10.0.1.7"
            ],
            "provision_vm_agent": true,
            "proximity_placement_group_id": "",
            "public_ip_address": "172.177.146.205",
            "public_ip_addresses": [
              "172.177.146.205"
            ],
            "reboot_setting": "",
            "resource_group_name": "arm64-sandbox-rg",
            "secret": [],
            "secure_boot_enabled": false,
            "size": "Standard_D2ps_v5",
            "source_image_id": "",
            "source_image_reference": [
              {
                "offer": "0001-com-ubuntu-server-jammy",
                "publisher": "Canonical",
                "sku": "22_04-lts-arm64",
                "version": "latest"
              }
            ],
            "tags": null,
            "termination_notification": null,
            "timeouts": null,
            "user_data": "",
            "virtual_machine_id": "cc3afdbf-5ef8-4211-af76-059999084f3a",
            "virtual_machine_scale_set_id": "",
            "vm_agent_platform_updates_enabled": false,
            "vtpm_enabled": false,
            "zone": ""
          },
          "sensitive_attributes": [
            [
              {
                "type": "get_attr",
                "value": "admin_password"
              }
            ],
            [
              {
                "type": "get_attr",
                "value": "custom_data"
              }
            ]
          ],
          "private": "eyJlMmJmYjczMC1lY2FhLTExZTYtOGY4OC0zNDM2M2JjN2M0YzAiOnsiY3JlYXRlIjoyNzAwMDAwMDAwMDAwLCJkZWxldGUiOjI3MDAwMDAwMDAwMDAsInJlYWQiOjMwMDAwMDAwMDAwMCwidXBkYXRlIjoyNzAwMDAwMDAwMDAwfX0=",
          "dependencies": [
            "azurerm_network_interface.nic",
            "azurerm_public_ip.ip",
            "azurerm_resource_group.rg",
            "azurerm_subnet.subnet",
            "azurerm_virtual_network.vnet"
          ]
        },
        {
          "index_key": 3,
          "schema_version": 0,
          "attributes": {
            "additional_capabilities": [],
            "admin_password": null,
            "admin_ssh_key": [
              {
                "public_key": "ssh-ed25519 AAAAC3NzaC1lZDI1NTE5AAAAIJkX2gNzGce06+sQwzLDxQvGW/NE1vnE/f/HlLx+mgbY jlchoike+wsl@gmail.com\n",
                "username": "azureuser"
              }
            ],
            "admin_username": "azureuser",
            "allow_extension_operations": true,
            "availability_set_id": "",
            "boot_diagnostics": [],
            "bypass_platform_safety_checks_on_user_schedule_enabled": false,
            "capacity_reservation_group_id": "",
            "computer_name": "arm64-sandbox-vm-4",
            "custom_data": null,
            "dedicated_host_group_id": "",
            "dedicated_host_id": "",
            "disable_password_authentication": true,
            "disk_controller_type": "SCSI",
            "edge_zone": "",
            "encryption_at_host_enabled": false,
            "eviction_policy": "",
            "extensions_time_budget": "PT1H30M",
            "gallery_application": [],
            "id": "/subscriptions/5c574ec3-4c4d-41b5-8683-7754df3ae3da/resourceGroups/arm64-sandbox-rg/providers/Microsoft.Compute/virtualMachines/arm64-sandbox-vm-4",
            "identity": [],
            "license_type": "",
            "location": "eastus2",
            "max_bid_price": -1,
            "name": "arm64-sandbox-vm-4",
            "network_interface_ids": [
              "/subscriptions/5c574ec3-4c4d-41b5-8683-7754df3ae3da/resourceGroups/arm64-sandbox-rg/providers/Microsoft.Network/networkInterfaces/arm64-sandbox-nic-4"
            ],
            "os_disk": [
              {
                "caching": "ReadWrite",
                "diff_disk_settings": [],
                "disk_encryption_set_id": "",
                "disk_size_gb": 30,
                "name": "arm64-sandbox-vm-4_OsDisk_1_22c0089c62e5441a86fced7f3e862bac",
                "secure_vm_disk_encryption_set_id": "",
                "security_encryption_type": "",
                "storage_account_type": "Standard_LRS",
                "write_accelerator_enabled": false
              }
            ],
            "os_image_notification": [],
            "patch_assessment_mode": "ImageDefault",
            "patch_mode": "ImageDefault",
            "plan": [],
            "platform_fault_domain": -1,
            "priority": "Regular",
            "private_ip_address": "10.0.1.6",
            "private_ip_addresses": [
              "10.0.1.6"
            ],
            "provision_vm_agent": true,
            "proximity_placement_group_id": "",
            "public_ip_address": "172.177.146.207",
            "public_ip_addresses": [
              "172.177.146.207"
            ],
            "reboot_setting": "",
            "resource_group_name": "arm64-sandbox-rg",
            "secret": [],
            "secure_boot_enabled": false,
            "size": "Standard_D2ps_v5",
            "source_image_id": "",
            "source_image_reference": [
              {
                "offer": "0001-com-ubuntu-server-jammy",
                "publisher": "Canonical",
                "sku": "22_04-lts-arm64",
                "version": "latest"
              }
            ],
            "tags": null,
            "termination_notification": null,
            "timeouts": null,
            "user_data": "",
            "virtual_machine_id": "74e82a3e-3b25-4669-8801-471f426115a4",
            "virtual_machine_scale_set_id": "",
            "vm_agent_platform_updates_enabled": false,
            "vtpm_enabled": false,
            "zone": ""
          },
          "sensitive_attributes": [
            [
              {
                "type": "get_attr",
                "value": "custom_data"
              }
            ],
            [
              {
                "type": "get_attr",
                "value": "admin_password"
              }
            ]
          ],
          "private": "eyJlMmJmYjczMC1lY2FhLTExZTYtOGY4OC0zNDM2M2JjN2M0YzAiOnsiY3JlYXRlIjoyNzAwMDAwMDAwMDAwLCJkZWxldGUiOjI3MDAwMDAwMDAwMDAsInJlYWQiOjMwMDAwMDAwMDAwMCwidXBkYXRlIjoyNzAwMDAwMDAwMDAwfX0=",
          "dependencies": [
            "azurerm_network_interface.nic",
            "azurerm_public_ip.ip",
            "azurerm_resource_group.rg",
            "azurerm_subnet.subnet",
            "azurerm_virtual_network.vnet"
          ]
        }
      ]
    },
    {
      "mode": "managed",
      "type": "azurerm_network_interface",
      "name": "nic",
      "provider": "provider[\"registry.terraform.io/hashicorp/azurerm\"]",
      "instances": [
        {
          "index_key": 0,
          "schema_version": 0,
          "attributes": {
            "accelerated_networking_enabled": false,
            "applied_dns_servers": [],
            "auxiliary_mode": "",
            "auxiliary_sku": "",
            "dns_servers": null,
            "edge_zone": "",
            "id": "/subscriptions/5c574ec3-4c4d-41b5-8683-7754df3ae3da/resourceGroups/arm64-sandbox-rg/providers/Microsoft.Network/networkInterfaces/arm64-sandbox-nic-1",
            "internal_dns_name_label": "",
            "internal_domain_name_suffix": "jawjth31yhaulmrjuva0ir3pdf.cx.internal.cloudapp.net",
            "ip_configuration": [
              {
                "gateway_load_balancer_frontend_ip_configuration_id": "",
                "name": "internal",
                "primary": true,
                "private_ip_address": "10.0.1.5",
                "private_ip_address_allocation": "Dynamic",
                "private_ip_address_version": "IPv4",
                "public_ip_address_id": "/subscriptions/5c574ec3-4c4d-41b5-8683-7754df3ae3da/resourceGroups/arm64-sandbox-rg/providers/Microsoft.Network/publicIPAddresses/arm64-sandbox-pip-1",
                "subnet_id": "/subscriptions/5c574ec3-4c4d-41b5-8683-7754df3ae3da/resourceGroups/arm64-sandbox-rg/providers/Microsoft.Network/virtualNetworks/arm64-sandbox-vnet/subnets/arm64-sandbox-subnet"
              }
            ],
            "ip_forwarding_enabled": false,
            "location": "eastus2",
            "mac_address": "",
            "name": "arm64-sandbox-nic-1",
            "private_ip_address": "10.0.1.5",
            "private_ip_addresses": [
              "10.0.1.5"
            ],
            "resource_group_name": "arm64-sandbox-rg",
            "tags": null,
            "timeouts": null,
            "virtual_machine_id": ""
          },
          "sensitive_attributes": [],
          "private": "eyJlMmJmYjczMC1lY2FhLTExZTYtOGY4OC0zNDM2M2JjN2M0YzAiOnsiY3JlYXRlIjoxODAwMDAwMDAwMDAwLCJkZWxldGUiOjE4MDAwMDAwMDAwMDAsInJlYWQiOjMwMDAwMDAwMDAwMCwidXBkYXRlIjoxODAwMDAwMDAwMDAwfX0=",
          "dependencies": [
            "azurerm_public_ip.ip",
            "azurerm_resource_group.rg",
            "azurerm_subnet.subnet",
            "azurerm_virtual_network.vnet"
          ]
        },
        {
          "index_key": 1,
          "schema_version": 0,
          "attributes": {
            "accelerated_networking_enabled": false,
            "applied_dns_servers": [],
            "auxiliary_mode": "",
            "auxiliary_sku": "",
            "dns_servers": null,
            "edge_zone": "",
            "id": "/subscriptions/5c574ec3-4c4d-41b5-8683-7754df3ae3da/resourceGroups/arm64-sandbox-rg/providers/Microsoft.Network/networkInterfaces/arm64-sandbox-nic-2",
            "internal_dns_name_label": "",
            "internal_domain_name_suffix": "jawjth31yhaulmrjuva0ir3pdf.cx.internal.cloudapp.net",
            "ip_configuration": [
              {
                "gateway_load_balancer_frontend_ip_configuration_id": "",
                "name": "internal",
                "primary": true,
                "private_ip_address": "10.0.1.4",
                "private_ip_address_allocation": "Dynamic",
                "private_ip_address_version": "IPv4",
                "public_ip_address_id": "/subscriptions/5c574ec3-4c4d-41b5-8683-7754df3ae3da/resourceGroups/arm64-sandbox-rg/providers/Microsoft.Network/publicIPAddresses/arm64-sandbox-pip-2",
                "subnet_id": "/subscriptions/5c574ec3-4c4d-41b5-8683-7754df3ae3da/resourceGroups/arm64-sandbox-rg/providers/Microsoft.Network/virtualNetworks/arm64-sandbox-vnet/subnets/arm64-sandbox-subnet"
              }
            ],
            "ip_forwarding_enabled": false,
            "location": "eastus2",
            "mac_address": "",
            "name": "arm64-sandbox-nic-2",
            "private_ip_address": "10.0.1.4",
            "private_ip_addresses": [
              "10.0.1.4"
            ],
            "resource_group_name": "arm64-sandbox-rg",
            "tags": null,
            "timeouts": null,
            "virtual_machine_id": ""
          },
          "sensitive_attributes": [],
          "private": "eyJlMmJmYjczMC1lY2FhLTExZTYtOGY4OC0zNDM2M2JjN2M0YzAiOnsiY3JlYXRlIjoxODAwMDAwMDAwMDAwLCJkZWxldGUiOjE4MDAwMDAwMDAwMDAsInJlYWQiOjMwMDAwMDAwMDAwMCwidXBkYXRlIjoxODAwMDAwMDAwMDAwfX0=",
          "dependencies": [
            "azurerm_public_ip.ip",
            "azurerm_resource_group.rg",
            "azurerm_subnet.subnet",
            "azurerm_virtual_network.vnet"
          ]
        },
        {
          "index_key": 2,
          "schema_version": 0,
          "attributes": {
            "accelerated_networking_enabled": false,
            "applied_dns_servers": [],
            "auxiliary_mode": "",
            "auxiliary_sku": "",
            "dns_servers": null,
            "edge_zone": "",
            "id": "/subscriptions/5c574ec3-4c4d-41b5-8683-7754df3ae3da/resourceGroups/arm64-sandbox-rg/providers/Microsoft.Network/networkInterfaces/arm64-sandbox-nic-3",
            "internal_dns_name_label": "",
            "internal_domain_name_suffix": "jawjth31yhaulmrjuva0ir3pdf.cx.internal.cloudapp.net",
            "ip_configuration": [
              {
                "gateway_load_balancer_frontend_ip_configuration_id": "",
                "name": "internal",
                "primary": true,
                "private_ip_address": "10.0.1.7",
                "private_ip_address_allocation": "Dynamic",
                "private_ip_address_version": "IPv4",
                "public_ip_address_id": "/subscriptions/5c574ec3-4c4d-41b5-8683-7754df3ae3da/resourceGroups/arm64-sandbox-rg/providers/Microsoft.Network/publicIPAddresses/arm64-sandbox-pip-3",
                "subnet_id": "/subscriptions/5c574ec3-4c4d-41b5-8683-7754df3ae3da/resourceGroups/arm64-sandbox-rg/providers/Microsoft.Network/virtualNetworks/arm64-sandbox-vnet/subnets/arm64-sandbox-subnet"
              }
            ],
            "ip_forwarding_enabled": false,
            "location": "eastus2",
            "mac_address": "",
            "name": "arm64-sandbox-nic-3",
            "private_ip_address": "10.0.1.7",
            "private_ip_addresses": [
              "10.0.1.7"
            ],
            "resource_group_name": "arm64-sandbox-rg",
            "tags": null,
            "timeouts": null,
            "virtual_machine_id": ""
          },
          "sensitive_attributes": [],
          "private": "eyJlMmJmYjczMC1lY2FhLTExZTYtOGY4OC0zNDM2M2JjN2M0YzAiOnsiY3JlYXRlIjoxODAwMDAwMDAwMDAwLCJkZWxldGUiOjE4MDAwMDAwMDAwMDAsInJlYWQiOjMwMDAwMDAwMDAwMCwidXBkYXRlIjoxODAwMDAwMDAwMDAwfX0=",
          "dependencies": [
            "azurerm_public_ip.ip",
            "azurerm_resource_group.rg",
            "azurerm_subnet.subnet",
            "azurerm_virtual_network.vnet"
          ]
        },
        {
          "index_key": 3,
          "schema_version": 0,
          "attributes": {
            "accelerated_networking_enabled": false,
            "applied_dns_servers": [],
            "auxiliary_mode": "",
            "auxiliary_sku": "",
            "dns_servers": null,
            "edge_zone": "",
            "id": "/subscriptions/5c574ec3-4c4d-41b5-8683-7754df3ae3da/resourceGroups/arm64-sandbox-rg/providers/Microsoft.Network/networkInterfaces/arm64-sandbox-nic-4",
            "internal_dns_name_label": "",
            "internal_domain_name_suffix": "jawjth31yhaulmrjuva0ir3pdf.cx.internal.cloudapp.net",
            "ip_configuration": [
              {
                "gateway_load_balancer_frontend_ip_configuration_id": "",
                "name": "internal",
                "primary": true,
                "private_ip_address": "10.0.1.6",
                "private_ip_address_allocation": "Dynamic",
                "private_ip_address_version": "IPv4",
                "public_ip_address_id": "/subscriptions/5c574ec3-4c4d-41b5-8683-7754df3ae3da/resourceGroups/arm64-sandbox-rg/providers/Microsoft.Network/publicIPAddresses/arm64-sandbox-pip-4",
                "subnet_id": "/subscriptions/5c574ec3-4c4d-41b5-8683-7754df3ae3da/resourceGroups/arm64-sandbox-rg/providers/Microsoft.Network/virtualNetworks/arm64-sandbox-vnet/subnets/arm64-sandbox-subnet"
              }
            ],
            "ip_forwarding_enabled": false,
            "location": "eastus2",
            "mac_address": "",
            "name": "arm64-sandbox-nic-4",
            "private_ip_address": "10.0.1.6",
            "private_ip_addresses": [
              "10.0.1.6"
            ],
            "resource_group_name": "arm64-sandbox-rg",
            "tags": null,
            "timeouts": null,
            "virtual_machine_id": ""
          },
          "sensitive_attributes": [],
          "private": "eyJlMmJmYjczMC1lY2FhLTExZTYtOGY4OC0zNDM2M2JjN2M0YzAiOnsiY3JlYXRlIjoxODAwMDAwMDAwMDAwLCJkZWxldGUiOjE4MDAwMDAwMDAwMDAsInJlYWQiOjMwMDAwMDAwMDAwMCwidXBkYXRlIjoxODAwMDAwMDAwMDAwfX0=",
          "dependencies": [
            "azurerm_public_ip.ip",
            "azurerm_resource_group.rg",
            "azurerm_subnet.subnet",
            "azurerm_virtual_network.vnet"
          ]
        }
      ]
    },
    {
      "mode": "managed",
      "type": "azurerm_network_interface_security_group_association",
      "name": "nsg_association",
      "provider": "provider[\"registry.terraform.io/hashicorp/azurerm\"]",
      "instances": [
        {
          "index_key": 0,
          "schema_version": 0,
          "attributes": {
            "id": "/subscriptions/5c574ec3-4c4d-41b5-8683-7754df3ae3da/resourceGroups/arm64-sandbox-rg/providers/Microsoft.Network/networkInterfaces/arm64-sandbox-nic-1|/subscriptions/5c574ec3-4c4d-41b5-8683-7754df3ae3da/resourceGroups/arm64-sandbox-rg/providers/Microsoft.Network/networkSecurityGroups/arm64-sandbox-nsg",
            "network_interface_id": "/subscriptions/5c574ec3-4c4d-41b5-8683-7754df3ae3da/resourceGroups/arm64-sandbox-rg/providers/Microsoft.Network/networkInterfaces/arm64-sandbox-nic-1",
            "network_security_group_id": "/subscriptions/5c574ec3-4c4d-41b5-8683-7754df3ae3da/resourceGroups/arm64-sandbox-rg/providers/Microsoft.Network/networkSecurityGroups/arm64-sandbox-nsg",
            "timeouts": null
          },
          "sensitive_attributes": [],
          "private": "eyJlMmJmYjczMC1lY2FhLTExZTYtOGY4OC0zNDM2M2JjN2M0YzAiOnsiY3JlYXRlIjoxODAwMDAwMDAwMDAwLCJkZWxldGUiOjE4MDAwMDAwMDAwMDAsInJlYWQiOjMwMDAwMDAwMDAwMH19",
          "dependencies": [
            "azurerm_network_interface.nic",
            "azurerm_network_security_group.nsg",
            "azurerm_public_ip.ip",
            "azurerm_resource_group.rg",
            "azurerm_subnet.subnet",
            "azurerm_virtual_network.vnet"
          ]
        },
        {
          "index_key": 1,
          "schema_version": 0,
          "attributes": {
            "id": "/subscriptions/5c574ec3-4c4d-41b5-8683-7754df3ae3da/resourceGroups/arm64-sandbox-rg/providers/Microsoft.Network/networkInterfaces/arm64-sandbox-nic-2|/subscriptions/5c574ec3-4c4d-41b5-8683-7754df3ae3da/resourceGroups/arm64-sandbox-rg/providers/Microsoft.Network/networkSecurityGroups/arm64-sandbox-nsg",
            "network_interface_id": "/subscriptions/5c574ec3-4c4d-41b5-8683-7754df3ae3da/resourceGroups/arm64-sandbox-rg/providers/Microsoft.Network/networkInterfaces/arm64-sandbox-nic-2",
            "network_security_group_id": "/subscriptions/5c574ec3-4c4d-41b5-8683-7754df3ae3da/resourceGroups/arm64-sandbox-rg/providers/Microsoft.Network/networkSecurityGroups/arm64-sandbox-nsg",
            "timeouts": null
          },
          "sensitive_attributes": [],
          "private": "eyJlMmJmYjczMC1lY2FhLTExZTYtOGY4OC0zNDM2M2JjN2M0YzAiOnsiY3JlYXRlIjoxODAwMDAwMDAwMDAwLCJkZWxldGUiOjE4MDAwMDAwMDAwMDAsInJlYWQiOjMwMDAwMDAwMDAwMH19",
          "dependencies": [
            "azurerm_network_interface.nic",
            "azurerm_network_security_group.nsg",
            "azurerm_public_ip.ip",
            "azurerm_resource_group.rg",
            "azurerm_subnet.subnet",
            "azurerm_virtual_network.vnet"
          ]
        },
        {
          "index_key": 2,
          "schema_version": 0,
          "attributes": {
            "id": "/subscriptions/5c574ec3-4c4d-41b5-8683-7754df3ae3da/resourceGroups/arm64-sandbox-rg/providers/Microsoft.Network/networkInterfaces/arm64-sandbox-nic-3|/subscriptions/5c574ec3-4c4d-41b5-8683-7754df3ae3da/resourceGroups/arm64-sandbox-rg/providers/Microsoft.Network/networkSecurityGroups/arm64-sandbox-nsg",
            "network_interface_id": "/subscriptions/5c574ec3-4c4d-41b5-8683-7754df3ae3da/resourceGroups/arm64-sandbox-rg/providers/Microsoft.Network/networkInterfaces/arm64-sandbox-nic-3",
            "network_security_group_id": "/subscriptions/5c574ec3-4c4d-41b5-8683-7754df3ae3da/resourceGroups/arm64-sandbox-rg/providers/Microsoft.Network/networkSecurityGroups/arm64-sandbox-nsg",
            "timeouts": null
          },
          "sensitive_attributes": [],
          "private": "eyJlMmJmYjczMC1lY2FhLTExZTYtOGY4OC0zNDM2M2JjN2M0YzAiOnsiY3JlYXRlIjoxODAwMDAwMDAwMDAwLCJkZWxldGUiOjE4MDAwMDAwMDAwMDAsInJlYWQiOjMwMDAwMDAwMDAwMH19",
          "dependencies": [
            "azurerm_network_interface.nic",
            "azurerm_network_security_group.nsg",
            "azurerm_public_ip.ip",
            "azurerm_resource_group.rg",
            "azurerm_subnet.subnet",
            "azurerm_virtual_network.vnet"
          ]
        },
        {
          "index_key": 3,
          "schema_version": 0,
          "attributes": {
            "id": "/subscriptions/5c574ec3-4c4d-41b5-8683-7754df3ae3da/resourceGroups/arm64-sandbox-rg/providers/Microsoft.Network/networkInterfaces/arm64-sandbox-nic-4|/subscriptions/5c574ec3-4c4d-41b5-8683-7754df3ae3da/resourceGroups/arm64-sandbox-rg/providers/Microsoft.Network/networkSecurityGroups/arm64-sandbox-nsg",
            "network_interface_id": "/subscriptions/5c574ec3-4c4d-41b5-8683-7754df3ae3da/resourceGroups/arm64-sandbox-rg/providers/Microsoft.Network/networkInterfaces/arm64-sandbox-nic-4",
            "network_security_group_id": "/subscriptions/5c574ec3-4c4d-41b5-8683-7754df3ae3da/resourceGroups/arm64-sandbox-rg/providers/Microsoft.Network/networkSecurityGroups/arm64-sandbox-nsg",
            "timeouts": null
          },
          "sensitive_attributes": [],
          "private": "eyJlMmJmYjczMC1lY2FhLTExZTYtOGY4OC0zNDM2M2JjN2M0YzAiOnsiY3JlYXRlIjoxODAwMDAwMDAwMDAwLCJkZWxldGUiOjE4MDAwMDAwMDAwMDAsInJlYWQiOjMwMDAwMDAwMDAwMH19",
          "dependencies": [
            "azurerm_network_interface.nic",
            "azurerm_network_security_group.nsg",
            "azurerm_public_ip.ip",
            "azurerm_resource_group.rg",
            "azurerm_subnet.subnet",
            "azurerm_virtual_network.vnet"
          ]
        }
      ]
    },
    {
      "mode": "managed",
      "type": "azurerm_network_security_group",
      "name": "nsg",
      "provider": "provider[\"registry.terraform.io/hashicorp/azurerm\"]",
      "instances": [
        {
          "schema_version": 0,
          "attributes": {
            "id": "/subscriptions/5c574ec3-4c4d-41b5-8683-7754df3ae3da/resourceGroups/arm64-sandbox-rg/providers/Microsoft.Network/networkSecurityGroups/arm64-sandbox-nsg",
            "location": "eastus2",
            "name": "arm64-sandbox-nsg",
            "resource_group_name": "arm64-sandbox-rg",
            "security_rule": [
              {
                "access": "Allow",
                "description": "",
                "destination_address_prefix": "*",
                "destination_address_prefixes": [],
                "destination_application_security_group_ids": [],
                "destination_port_range": "22",
                "destination_port_ranges": [],
                "direction": "Inbound",
                "name": "AllowSSH",
                "priority": 1001,
                "protocol": "Tcp",
                "source_address_prefix": "*",
                "source_address_prefixes": [],
                "source_application_security_group_ids": [],
                "source_port_range": "*",
                "source_port_ranges": []
              }
            ],
            "tags": null,
            "timeouts": null
          },
          "sensitive_attributes": [],
          "private": "eyJlMmJmYjczMC1lY2FhLTExZTYtOGY4OC0zNDM2M2JjN2M0YzAiOnsiY3JlYXRlIjoxODAwMDAwMDAwMDAwLCJkZWxldGUiOjE4MDAwMDAwMDAwMDAsInJlYWQiOjMwMDAwMDAwMDAwMCwidXBkYXRlIjoxODAwMDAwMDAwMDAwfX0=",
          "dependencies": [
            "azurerm_resource_group.rg"
          ]
        }
      ]
    },
    {
      "mode": "managed",
      "type": "azurerm_public_ip",
      "name": "ip",
      "provider": "provider[\"registry.terraform.io/hashicorp/azurerm\"]",
      "instances": [
        {
          "index_key": 0,
          "schema_version": 0,
          "attributes": {
            "allocation_method": "Static",
            "ddos_protection_mode": "VirtualNetworkInherited",
            "ddos_protection_plan_id": null,
            "domain_name_label": null,
            "edge_zone": "",
            "fqdn": null,
            "id": "/subscriptions/5c574ec3-4c4d-41b5-8683-7754df3ae3da/resourceGroups/arm64-sandbox-rg/providers/Microsoft.Network/publicIPAddresses/arm64-sandbox-pip-1",
            "idle_timeout_in_minutes": 4,
            "ip_address": "172.177.146.189",
            "ip_tags": null,
            "ip_version": "IPv4",
            "location": "eastus2",
            "name": "arm64-sandbox-pip-1",
            "public_ip_prefix_id": null,
            "resource_group_name": "arm64-sandbox-rg",
            "reverse_fqdn": null,
            "sku": "Standard",
            "sku_tier": "Regional",
            "tags": null,
            "timeouts": null,
            "zones": null
          },
          "sensitive_attributes": [],
          "private": "eyJlMmJmYjczMC1lY2FhLTExZTYtOGY4OC0zNDM2M2JjN2M0YzAiOnsiY3JlYXRlIjoxODAwMDAwMDAwMDAwLCJkZWxldGUiOjE4MDAwMDAwMDAwMDAsInJlYWQiOjMwMDAwMDAwMDAwMCwidXBkYXRlIjoxODAwMDAwMDAwMDAwfX0=",
          "dependencies": [
            "azurerm_resource_group.rg"
          ]
        },
        {
          "index_key": 1,
          "schema_version": 0,
          "attributes": {
            "allocation_method": "Static",
            "ddos_protection_mode": "VirtualNetworkInherited",
            "ddos_protection_plan_id": null,
            "domain_name_label": null,
            "edge_zone": "",
            "fqdn": null,
            "id": "/subscriptions/5c574ec3-4c4d-41b5-8683-7754df3ae3da/resourceGroups/arm64-sandbox-rg/providers/Microsoft.Network/publicIPAddresses/arm64-sandbox-pip-2",
            "idle_timeout_in_minutes": 4,
            "ip_address": "172.177.144.178",
            "ip_tags": null,
            "ip_version": "IPv4",
            "location": "eastus2",
            "name": "arm64-sandbox-pip-2",
            "public_ip_prefix_id": null,
            "resource_group_name": "arm64-sandbox-rg",
            "reverse_fqdn": null,
            "sku": "Standard",
            "sku_tier": "Regional",
            "tags": null,
            "timeouts": null,
            "zones": null
          },
          "sensitive_attributes": [],
          "private": "eyJlMmJmYjczMC1lY2FhLTExZTYtOGY4OC0zNDM2M2JjN2M0YzAiOnsiY3JlYXRlIjoxODAwMDAwMDAwMDAwLCJkZWxldGUiOjE4MDAwMDAwMDAwMDAsInJlYWQiOjMwMDAwMDAwMDAwMCwidXBkYXRlIjoxODAwMDAwMDAwMDAwfX0=",
          "dependencies": [
            "azurerm_resource_group.rg"
          ]
        },
        {
          "index_key": 2,
          "schema_version": 0,
          "attributes": {
            "allocation_method": "Static",
            "ddos_protection_mode": "VirtualNetworkInherited",
            "ddos_protection_plan_id": null,
            "domain_name_label": null,
            "edge_zone": "",
            "fqdn": null,
            "id": "/subscriptions/5c574ec3-4c4d-41b5-8683-7754df3ae3da/resourceGroups/arm64-sandbox-rg/providers/Microsoft.Network/publicIPAddresses/arm64-sandbox-pip-3",
            "idle_timeout_in_minutes": 4,
            "ip_address": "172.177.146.205",
            "ip_tags": null,
            "ip_version": "IPv4",
            "location": "eastus2",
            "name": "arm64-sandbox-pip-3",
            "public_ip_prefix_id": null,
            "resource_group_name": "arm64-sandbox-rg",
            "reverse_fqdn": null,
            "sku": "Standard",
            "sku_tier": "Regional",
            "tags": null,
            "timeouts": null,
            "zones": null
          },
          "sensitive_attributes": [],
          "private": "eyJlMmJmYjczMC1lY2FhLTExZTYtOGY4OC0zNDM2M2JjN2M0YzAiOnsiY3JlYXRlIjoxODAwMDAwMDAwMDAwLCJkZWxldGUiOjE4MDAwMDAwMDAwMDAsInJlYWQiOjMwMDAwMDAwMDAwMCwidXBkYXRlIjoxODAwMDAwMDAwMDAwfX0=",
          "dependencies": [
            "azurerm_resource_group.rg"
          ]
        },
        {
          "index_key": 3,
          "schema_version": 0,
          "attributes": {
            "allocation_method": "Static",
            "ddos_protection_mode": "VirtualNetworkInherited",
            "ddos_protection_plan_id": null,
            "domain_name_label": null,
            "edge_zone": "",
            "fqdn": null,
            "id": "/subscriptions/5c574ec3-4c4d-41b5-8683-7754df3ae3da/resourceGroups/arm64-sandbox-rg/providers/Microsoft.Network/publicIPAddresses/arm64-sandbox-pip-4",
            "idle_timeout_in_minutes": 4,
            "ip_address": "172.177.146.207",
            "ip_tags": null,
            "ip_version": "IPv4",
            "location": "eastus2",
            "name": "arm64-sandbox-pip-4",
            "public_ip_prefix_id": null,
            "resource_group_name": "arm64-sandbox-rg",
            "reverse_fqdn": null,
            "sku": "Standard",
            "sku_tier": "Regional",
            "tags": null,
            "timeouts": null,
            "zones": null
          },
          "sensitive_attributes": [],
          "private": "eyJlMmJmYjczMC1lY2FhLTExZTYtOGY4OC0zNDM2M2JjN2M0YzAiOnsiY3JlYXRlIjoxODAwMDAwMDAwMDAwLCJkZWxldGUiOjE4MDAwMDAwMDAwMDAsInJlYWQiOjMwMDAwMDAwMDAwMCwidXBkYXRlIjoxODAwMDAwMDAwMDAwfX0=",
          "dependencies": [
            "azurerm_resource_group.rg"
          ]
        }
      ]
    },
    {
      "mode": "managed",
      "type": "azurerm_resource_group",
      "name": "rg",
      "provider": "provider[\"registry.terraform.io/hashicorp/azurerm\"]",
      "instances": [
        {
          "schema_version": 0,
          "attributes": {
            "id": "/subscriptions/5c574ec3-4c4d-41b5-8683-7754df3ae3da/resourceGroups/arm64-sandbox-rg",
            "location": "eastus2",
            "managed_by": "",
            "name": "arm64-sandbox-rg",
            "tags": null,
            "timeouts": null
          },
          "sensitive_attributes": [],
          "private": "eyJlMmJmYjczMC1lY2FhLTExZTYtOGY4OC0zNDM2M2JjN2M0YzAiOnsiY3JlYXRlIjo1NDAwMDAwMDAwMDAwLCJkZWxldGUiOjU0MDAwMDAwMDAwMDAsInJlYWQiOjMwMDAwMDAwMDAwMCwidXBkYXRlIjo1NDAwMDAwMDAwMDAwfX0="
        }
      ]
    },
    {
      "mode": "managed",
      "type": "azurerm_subnet",
      "name": "subnet",
      "provider": "provider[\"registry.terraform.io/hashicorp/azurerm\"]",
      "instances": [
        {
          "schema_version": 0,
          "attributes": {
            "address_prefixes": [
              "10.0.1.0/24"
            ],
            "default_outbound_access_enabled": true,
            "delegation": [],
            "id": "/subscriptions/5c574ec3-4c4d-41b5-8683-7754df3ae3da/resourceGroups/arm64-sandbox-rg/providers/Microsoft.Network/virtualNetworks/arm64-sandbox-vnet/subnets/arm64-sandbox-subnet",
            "name": "arm64-sandbox-subnet",
            "private_endpoint_network_policies": "Disabled",
            "private_link_service_network_policies_enabled": true,
            "resource_group_name": "arm64-sandbox-rg",
            "service_endpoint_policy_ids": null,
            "service_endpoints": null,
            "timeouts": null,
            "virtual_network_name": "arm64-sandbox-vnet"
          },
          "sensitive_attributes": [],
          "private": "eyJlMmJmYjczMC1lY2FhLTExZTYtOGY4OC0zNDM2M2JjN2M0YzAiOnsiY3JlYXRlIjoxODAwMDAwMDAwMDAwLCJkZWxldGUiOjE4MDAwMDAwMDAwMDAsInJlYWQiOjMwMDAwMDAwMDAwMCwidXBkYXRlIjoxODAwMDAwMDAwMDAwfX0=",
          "dependencies": [
            "azurerm_resource_group.rg",
            "azurerm_virtual_network.vnet"
          ]
        }
      ]
    },
    {
      "mode": "managed",
      "type": "azurerm_virtual_network",
      "name": "vnet",
      "provider": "provider[\"registry.terraform.io/hashicorp/azurerm\"]",
      "instances": [
        {
          "schema_version": 0,
          "attributes": {
            "address_space": [
              "10.0.0.0/16"
            ],
            "bgp_community": "",
            "ddos_protection_plan": [],
            "dns_servers": [],
            "edge_zone": "",
            "encryption": [],
            "flow_timeout_in_minutes": 0,
            "guid": "9f992c48-c1bb-45c1-b229-a541a447af1d",
            "id": "/subscriptions/5c574ec3-4c4d-41b5-8683-7754df3ae3da/resourceGroups/arm64-sandbox-rg/providers/Microsoft.Network/virtualNetworks/arm64-sandbox-vnet",
            "location": "eastus2",
            "name": "arm64-sandbox-vnet",
            "resource_group_name": "arm64-sandbox-rg",
            "subnet": [],
            "tags": null,
            "timeouts": null
          },
          "sensitive_attributes": [],
          "private": "eyJlMmJmYjczMC1lY2FhLTExZTYtOGY4OC0zNDM2M2JjN2M0YzAiOnsiY3JlYXRlIjoxODAwMDAwMDAwMDAwLCJkZWxldGUiOjE4MDAwMDAwMDAwMDAsInJlYWQiOjMwMDAwMDAwMDAwMCwidXBkYXRlIjoxODAwMDAwMDAwMDAwfX0=",
          "dependencies": [
            "azurerm_resource_group.rg"
          ]
        }
      ]
    }
  ],
  "check_results": null
}
